
Microsoft Visual Studio Solution File, Format Version 12.00
# Visual Studio Version 16
VisualStudioVersion = 16.0.35706.149
MinimumVisualStudioVersion = 10.0.40219.1
Project("{FAE04EC0-301F-11D3-BF4B-00C04F79EFBC}") = "PFUWebsite", "PFUWebsite\PFUWebsite.csproj", "{DEBF99D2-73C2-4FFA-A660-2D2076619891}"
EndProject
Global
	GlobalSection(SolutionConfigurationPlatforms) = preSolution
		Debug|Any CPU = Debug|Any CPU
		Release|Any CPU = Release|Any CPU
	EndGlobalSection
	GlobalSection(ProjectConfigurationPlatforms) = postSolution
		{DEBF99D2-73C2-4FFA-A660-2D2076619891}.Debug|Any CPU.ActiveCfg = Debug|Any CPU
		{DEBF99D2-73C2-4FFA-A660-2D2076619891}.Debug|Any CPU.Build.0 = Debug|Any CPU
		{DEBF99D2-73C2-4FFA-A660-2D2076619891}.Release|Any CPU.ActiveCfg = Release|Any CPU
		{DEBF99D2-73C2-4FFA-A660-2D2076619891}.Release|Any CPU.Build.0 = Release|Any CPU
	EndGlobalSection
	GlobalSection(SolutionProperties) = preSolution
		HideSolutionNode = FALSE
	EndGlobalSection
	GlobalSection(ExtensibilityGlobals) = postSolution
		SolutionGuid = {15742D47-4E6E-4438-B064-4D5F3B44F899}
	EndGlobalSection
EndGlobal
